schema: '2.0'
stages:
  load_data:
    cmd: python src/load_data.py --config=params.yaml
    deps:
    - path: data_given/winequality.csv
      hash: md5
      md5: ccc8d3507eb151f53f760d36abdef888
      size: 91998
    - path: src/get_data.py
      hash: md5
      md5: fc55245cb80baf0dd5fec29b91227b52
      size: 843
    - path: src/load_data.py
      hash: md5
      md5: 2d85388f16538614fbfd6f90cd20f1ca
      size: 695
    outs:
    - path: data/raw/winequality.csv
      hash: md5
      md5: 069b522b0321bc25a626ceeffcb8eb44
      size: 93598
  split_data:
    cmd: python src/split_data.py --config=params.yaml
    deps:
    - path: data/raw/winequality.csv
      hash: md5
      md5: 069b522b0321bc25a626ceeffcb8eb44
      size: 93598
    - path: src/get_data.py
      hash: md5
      md5: fc55245cb80baf0dd5fec29b91227b52
      size: 843
    - path: src/split_data.py
      hash: md5
      md5: 622da4e57b24f6e690bd03aea29dcf65
      size: 1024
    outs:
    - path: data/processed/test_winequality.csv
      hash: md5
      md5: ee3284843265e5855bc07dd6427ab1c2
      size: 18831
    - path: data/processed/train_winequality.csv
      hash: md5
      md5: 81dce00e053ba5ebabeacf8e7dca537a
      size: 74913
  train_and_evaluate:
    cmd: python src/train_and_evaluate.py --config=params.yaml
    deps:
    - path: data/processed/test_winequality.csv
      hash: md5
      md5: ee3284843265e5855bc07dd6427ab1c2
      size: 18831
    - path: data/processed/train_winequality.csv
      hash: md5
      md5: 81dce00e053ba5ebabeacf8e7dca537a
      size: 74913
    - path: src/train_and_evaluate.py
      hash: md5
      md5: bbb810b3f40da34074ea8711303e8e20
      size: 2669
    params:
      params.yaml:
        estimators.ElasticNet.params.alpha: 0.8
        estimators.ElasticNet.params.l1_ratio: 0.4
    outs:
    - path: report/params.json
      hash: md5
      md5: 94a60cb53e121f647b133d5c96da9b0a
      size: 44
    - path: report/scores.json
      hash: md5
      md5: ee7b0b74b62c07324c3d9e686606165f
      size: 99
    - path: saved_models/model.joblib
      hash: md5
      md5: 49998b2d0ddafd642a1d44aba82af5e0
      size: 1279
